
Microsoft Visual Studio Solution File, Format Version 12.00
# Visual Studio 2012
Project("{FAE04EC0-301F-11D3-BF4B-00C04F79EFBC}") = "ApparitionWM", "AppartionWM\ApparitionWM.csproj", "{329C8BEF-B6FF-46FD-861E-031014E9032C}"
EndProject
Global
	GlobalSection(SolutionConfigurationPlatforms) = preSolution
		Debug|Any CPU = Debug|Any CPU
		Release|Any CPU = Release|Any CPU
	EndGlobalSection
	GlobalSection(ProjectConfigurationPlatforms) = postSolution
		{329C8BEF-B6FF-46FD-861E-031014E9032C}.Debug|Any CPU.ActiveCfg = Debug|Any CPU
		{329C8BEF-B6FF-46FD-861E-031014E9032C}.Debug|Any CPU.Build.0 = Debug|Any CPU
		{329C8BEF-B6FF-46FD-861E-031014E9032C}.Release|Any CPU.ActiveCfg = Release|Any CPU
		{329C8BEF-B6FF-46FD-861E-031014E9032C}.Release|Any CPU.Build.0 = Release|Any CPU
	EndGlobalSection
	GlobalSection(SolutionProperties) = preSolution
		HideSolutionNode = FALSE
	EndGlobalSection
EndGlobal
